
Microsoft Visual Studio Solution File, Format Version 12.00
# Visual Studio Version 18
VisualStudioVersion = 18.3.11222.16
MinimumVisualStudioVersion = 10.0.40219.1
Project("{FAE04EC0-301F-11D3-BF4B-00C04F79EFBC}") = "DeviceCommunication", "DeviceCommunication\DeviceCommunication.csproj", "{98B54D2C-98CB-4BCC-9C21-EC06DA6931E4}"
EndProject
Project("{FAE04EC0-301F-11D3-BF4B-00C04F79EFBC}") = "DeviceCommunication.Tests", "DeviceCommunication.Tests\DeviceCommunication.Tests.csproj", "{1608027D-E67E-90E3-4837-E5CDCA7AB16B}"
EndProject
Project("{FAE04EC0-301F-11D3-BF4B-00C04F79EFBC}") = "CLI", "CLI\CLI.csproj", "{C5B522B5-2D0B-ADAA-54A5-07FC861FB161}"
EndProject
Project("{FAE04EC0-301F-11D3-BF4B-00C04F79EFBC}") = "GUI", "GUI\GUI.csproj", "{0AE44E0C-0D03-42EC-BF1D-6773B9EB5331}"
EndProject
Project("{2150E333-8FDC-42A3-9474-1A3956D46DE8}") = "Solution Items", "Solution Items", "{329D07D3-0ADA-4850-BC97-A416753E67A1}"
	ProjectSection(SolutionItems) = preProject
		next.md = next.md
		prev.md = prev.md
	EndProjectSection
EndProject
Project("{FAE04EC0-301F-11D3-BF4B-00C04F79EFBC}") = "ConnectionTestCLI", "ConnectionTestCLI\ConnectionTestCLI.csproj", "{84E1118E-B736-70E1-69D6-E4D4FF7FC896}"
EndProject
Global
	GlobalSection(SolutionConfigurationPlatforms) = preSolution
		Debug|Any CPU = Debug|Any CPU
		Debug|x64 = Debug|x64
		Debug|x86 = Debug|x86
		Release|Any CPU = Release|Any CPU
		Release|x64 = Release|x64
		Release|x86 = Release|x86
	EndGlobalSection
	GlobalSection(ProjectConfigurationPlatforms) = postSolution
		{98B54D2C-98CB-4BCC-9C21-EC06DA6931E4}.Debug|Any CPU.ActiveCfg = Debug|Any CPU
		{98B54D2C-98CB-4BCC-9C21-EC06DA6931E4}.Debug|Any CPU.Build.0 = Debug|Any CPU
		{98B54D2C-98CB-4BCC-9C21-EC06DA6931E4}.Debug|x64.ActiveCfg = Debug|Any CPU
		{98B54D2C-98CB-4BCC-9C21-EC06DA6931E4}.Debug|x64.Build.0 = Debug|Any CPU
		{98B54D2C-98CB-4BCC-9C21-EC06DA6931E4}.Debug|x86.ActiveCfg = Debug|Any CPU
		{98B54D2C-98CB-4BCC-9C21-EC06DA6931E4}.Debug|x86.Build.0 = Debug|Any CPU
		{98B54D2C-98CB-4BCC-9C21-EC06DA6931E4}.Release|Any CPU.ActiveCfg = Release|Any CPU
		{98B54D2C-98CB-4BCC-9C21-EC06DA6931E4}.Release|Any CPU.Build.0 = Release|Any CPU
		{98B54D2C-98CB-4BCC-9C21-EC06DA6931E4}.Release|x64.ActiveCfg = Release|Any CPU
		{98B54D2C-98CB-4BCC-9C21-EC06DA6931E4}.Release|x64.Build.0 = Release|Any CPU
		{98B54D2C-98CB-4BCC-9C21-EC06DA6931E4}.Release|x86.ActiveCfg = Release|Any CPU
		{98B54D2C-98CB-4BCC-9C21-EC06DA6931E4}.Release|x86.Build.0 = Release|Any CPU
		{1608027D-E67E-90E3-4837-E5CDCA7AB16B}.Debug|Any CPU.ActiveCfg = Debug|Any CPU
		{1608027D-E67E-90E3-4837-E5CDCA7AB16B}.Debug|Any CPU.Build.0 = Debug|Any CPU
		{1608027D-E67E-90E3-4837-E5CDCA7AB16B}.Debug|x64.ActiveCfg = Debug|Any CPU
		{1608027D-E67E-90E3-4837-E5CDCA7AB16B}.Debug|x64.Build.0 = Debug|Any CPU
		{1608027D-E67E-90E3-4837-E5CDCA7AB16B}.Debug|x86.ActiveCfg = Debug|Any CPU
		{1608027D-E67E-90E3-4837-E5CDCA7AB16B}.Debug|x86.Build.0 = Debug|Any CPU
		{1608027D-E67E-90E3-4837-E5CDCA7AB16B}.Release|Any CPU.ActiveCfg = Release|Any CPU
		{1608027D-E67E-90E3-4837-E5CDCA7AB16B}.Release|Any CPU.Build.0 = Release|Any CPU
		{1608027D-E67E-90E3-4837-E5CDCA7AB16B}.Release|x64.ActiveCfg = Release|Any CPU
		{1608027D-E67E-90E3-4837-E5CDCA7AB16B}.Release|x64.Build.0 = Release|Any CPU
		{1608027D-E67E-90E3-4837-E5CDCA7AB16B}.Release|x86.ActiveCfg = Release|Any CPU
		{1608027D-E67E-90E3-4837-E5CDCA7AB16B}.Release|x86.Build.0 = Release|Any CPU
		{C5B522B5-2D0B-ADAA-54A5-07FC861FB161}.Debug|Any CPU.ActiveCfg = Debug|Any CPU
		{C5B522B5-2D0B-ADAA-54A5-07FC861FB161}.Debug|Any CPU.Build.0 = Debug|Any CPU
		{C5B522B5-2D0B-ADAA-54A5-07FC861FB161}.Debug|x64.ActiveCfg = Debug|Any CPU
		{C5B522B5-2D0B-ADAA-54A5-07FC861FB161}.Debug|x64.Build.0 = Debug|Any CPU
		{C5B522B5-2D0B-ADAA-54A5-07FC861FB161}.Debug|x86.ActiveCfg = Debug|Any CPU
		{C5B522B5-2D0B-ADAA-54A5-07FC861FB161}.Debug|x86.Build.0 = Debug|Any CPU
		{C5B522B5-2D0B-ADAA-54A5-07FC861FB161}.Release|Any CPU.ActiveCfg = Release|Any CPU
		{C5B522B5-2D0B-ADAA-54A5-07FC861FB161}.Release|Any CPU.Build.0 = Release|Any CPU
		{C5B522B5-2D0B-ADAA-54A5-07FC861FB161}.Release|x64.ActiveCfg = Release|Any CPU
		{C5B522B5-2D0B-ADAA-54A5-07FC861FB161}.Release|x64.Build.0 = Release|Any CPU
		{C5B522B5-2D0B-ADAA-54A5-07FC861FB161}.Release|x86.ActiveCfg = Release|Any CPU
		{C5B522B5-2D0B-ADAA-54A5-07FC861FB161}.Release|x86.Build.0 = Release|Any CPU
		{0AE44E0C-0D03-42EC-BF1D-6773B9EB5331}.Debug|Any CPU.ActiveCfg = Debug|x64
		{0AE44E0C-0D03-42EC-BF1D-6773B9EB5331}.Debug|Any CPU.Build.0 = Debug|x64
		{0AE44E0C-0D03-42EC-BF1D-6773B9EB5331}.Debug|Any CPU.Deploy.0 = Debug|x64
		{0AE44E0C-0D03-42EC-BF1D-6773B9EB5331}.Debug|x64.ActiveCfg = Debug|x64
		{0AE44E0C-0D03-42EC-BF1D-6773B9EB5331}.Debug|x64.Build.0 = Debug|x64
		{0AE44E0C-0D03-42EC-BF1D-6773B9EB5331}.Debug|x64.Deploy.0 = Debug|x64
		{0AE44E0C-0D03-42EC-BF1D-6773B9EB5331}.Debug|x86.ActiveCfg = Debug|x86
		{0AE44E0C-0D03-42EC-BF1D-6773B9EB5331}.Debug|x86.Build.0 = Debug|x86
		{0AE44E0C-0D03-42EC-BF1D-6773B9EB5331}.Debug|x86.Deploy.0 = Debug|x86
		{0AE44E0C-0D03-42EC-BF1D-6773B9EB5331}.Release|Any CPU.ActiveCfg = Release|x64
		{0AE44E0C-0D03-42EC-BF1D-6773B9EB5331}.Release|Any CPU.Build.0 = Release|x64
		{0AE44E0C-0D03-42EC-BF1D-6773B9EB5331}.Release|Any CPU.Deploy.0 = Release|x64
		{0AE44E0C-0D03-42EC-BF1D-6773B9EB5331}.Release|x64.ActiveCfg = Release|x64
		{0AE44E0C-0D03-42EC-BF1D-6773B9EB5331}.Release|x64.Build.0 = Release|x64
		{0AE44E0C-0D03-42EC-BF1D-6773B9EB5331}.Release|x64.Deploy.0 = Release|x64
		{0AE44E0C-0D03-42EC-BF1D-6773B9EB5331}.Release|x86.ActiveCfg = Release|x86
		{0AE44E0C-0D03-42EC-BF1D-6773B9EB5331}.Release|x86.Build.0 = Release|x86
		{0AE44E0C-0D03-42EC-BF1D-6773B9EB5331}.Release|x86.Deploy.0 = Release|x86
		{84E1118E-B736-70E1-69D6-E4D4FF7FC896}.Debug|Any CPU.ActiveCfg = Debug|Any CPU
		{84E1118E-B736-70E1-69D6-E4D4FF7FC896}.Debug|Any CPU.Build.0 = Debug|Any CPU
		{84E1118E-B736-70E1-69D6-E4D4FF7FC896}.Debug|x64.ActiveCfg = Debug|Any CPU
		{84E1118E-B736-70E1-69D6-E4D4FF7FC896}.Debug|x64.Build.0 = Debug|Any CPU
		{84E1118E-B736-70E1-69D6-E4D4FF7FC896}.Debug|x86.ActiveCfg = Debug|Any CPU
		{84E1118E-B736-70E1-69D6-E4D4FF7FC896}.Debug|x86.Build.0 = Debug|Any CPU
		{84E1118E-B736-70E1-69D6-E4D4FF7FC896}.Release|Any CPU.ActiveCfg = Release|Any CPU
		{84E1118E-B736-70E1-69D6-E4D4FF7FC896}.Release|Any CPU.Build.0 = Release|Any CPU
		{84E1118E-B736-70E1-69D6-E4D4FF7FC896}.Release|x64.ActiveCfg = Release|Any CPU
		{84E1118E-B736-70E1-69D6-E4D4FF7FC896}.Release|x64.Build.0 = Release|Any CPU
		{84E1118E-B736-70E1-69D6-E4D4FF7FC896}.Release|x86.ActiveCfg = Release|Any CPU
		{84E1118E-B736-70E1-69D6-E4D4FF7FC896}.Release|x86.Build.0 = Release|Any CPU
	EndGlobalSection
	GlobalSection(SolutionProperties) = preSolution
		HideSolutionNode = FALSE
	EndGlobalSection
	GlobalSection(ExtensibilityGlobals) = postSolution
		SolutionGuid = {E2EAAA8F-5B42-41AF-8802-3BBA8115038A}
	EndGlobalSection
EndGlobal
