
Microsoft Visual Studio Solution File, Format Version 12.00
# Visual Studio Version 18
VisualStudioVersion = 18.3.11222.16
MinimumVisualStudioVersion = 10.0.40219.1
Project("{FAE04EC0-301F-11D3-BF4B-00C04F79EFBC}") = "DeviceCommunication", "DeviceCommunication\DeviceCommunication.csproj", "{98B54D2C-98CB-4BCC-9C21-EC06DA6931E4}"
EndProject
Project("{FAE04EC0-301F-11D3-BF4B-00C04F79EFBC}") = "DeviceCommunication.Tests", "DeviceCommunication.Tests\DeviceCommunication.Tests.csproj", "{1608027D-E67E-90E3-4837-E5CDCA7AB16B}"
EndProject
Project("{FAE04EC0-301F-11D3-BF4B-00C04F79EFBC}") = "CLI", "CLI\CLI.csproj", "{C5B522B5-2D0B-ADAA-54A5-07FC861FB161}"
EndProject
Project("{FAE04EC0-301F-11D3-BF4B-00C04F79EFBC}") = "GUI", "GUI\GUI.csproj", "{0AE44E0C-0D03-42EC-BF1D-6773B9EB5331}"
EndProject
Project("{2150E333-8FDC-42A3-9474-1A3956D46DE8}") = "Solution Items", "Solution Items", "{329D07D3-0ADA-4850-BC97-A416753E67A1}"
	ProjectSection(SolutionItems) = preProject
		..\plans\Current.md = ..\plans\Current.md
		..\plans\Previous.md = ..\plans\Previous.md
	EndProjectSection
EndProject
Project("{FAE04EC0-301F-11D3-BF4B-00C04F79EFBC}") = "ConnectionTestCLI", "ConnectionTestCLI\ConnectionTestCLI.csproj", "{84E1118E-B736-70E1-69D6-E4D4FF7FC896}"
EndProject
Project("{FAE04EC0-301F-11D3-BF4B-00C04F79EFBC}") = "MinimalCLI", "MinimalCLI\MinimalCLI.csproj", "{3DCC460F-0C30-29A4-5F8F-B28A98008E69}"
EndProject
Project("{FAE04EC0-301F-11D3-BF4B-00C04F79EFBC}") = "TestHelpers", "TestHelpers\TestHelpers.csproj", "{FE3FAA4D-4611-4B65-81C4-FAFEF9FFD4B5}"
EndProject
Project("{FAE04EC0-301F-11D3-BF4B-00C04F79EFBC}") = "PodPilot.Core", "PodPilot.Core\PodPilot.Core.csproj", "{DBF773CD-C1B3-E043-8768-DDCECA8CC83D}"
EndProject
Project("{FAE04EC0-301F-11D3-BF4B-00C04F79EFBC}") = "PodPilot.Core.Tests", "PodPilot.Core.Tests\PodPilot.Core.Tests.csproj", "{61CCB1B4-5F6D-D0CC-7953-82DDA1F00DE8}"
EndProject
Global
	GlobalSection(SolutionConfigurationPlatforms) = preSolution
		anyplatdebug|Any CPU = anyplatdebug|Any CPU
		anyplatdebug|x64 = anyplatdebug|x64
		anyplatdebug|x86 = anyplatdebug|x86
		Debug|Any CPU = Debug|Any CPU
		Debug|x64 = Debug|x64
		Debug|x86 = Debug|x86
		Release|Any CPU = Release|Any CPU
		Release|x64 = Release|x64
		Release|x86 = Release|x86
	EndGlobalSection
	GlobalSection(ProjectConfigurationPlatforms) = postSolution
		{98B54D2C-98CB-4BCC-9C21-EC06DA6931E4}.anyplatdebug|Any CPU.ActiveCfg = anyplatdebug|Any CPU
		{98B54D2C-98CB-4BCC-9C21-EC06DA6931E4}.anyplatdebug|Any CPU.Build.0 = anyplatdebug|Any CPU
		{98B54D2C-98CB-4BCC-9C21-EC06DA6931E4}.anyplatdebug|x64.ActiveCfg = anyplatdebug|Any CPU
		{98B54D2C-98CB-4BCC-9C21-EC06DA6931E4}.anyplatdebug|x64.Build.0 = anyplatdebug|Any CPU
		{98B54D2C-98CB-4BCC-9C21-EC06DA6931E4}.anyplatdebug|x86.ActiveCfg = anyplatdebug|Any CPU
		{98B54D2C-98CB-4BCC-9C21-EC06DA6931E4}.anyplatdebug|x86.Build.0 = anyplatdebug|Any CPU
		{98B54D2C-98CB-4BCC-9C21-EC06DA6931E4}.Debug|Any CPU.ActiveCfg = Debug|Any CPU
		{98B54D2C-98CB-4BCC-9C21-EC06DA6931E4}.Debug|Any CPU.Build.0 = Debug|Any CPU
		{98B54D2C-98CB-4BCC-9C21-EC06DA6931E4}.Debug|x64.ActiveCfg = Debug|Any CPU
		{98B54D2C-98CB-4BCC-9C21-EC06DA6931E4}.Debug|x64.Build.0 = Debug|Any CPU
		{98B54D2C-98CB-4BCC-9C21-EC06DA6931E4}.Debug|x86.ActiveCfg = Debug|Any CPU
		{98B54D2C-98CB-4BCC-9C21-EC06DA6931E4}.Debug|x86.Build.0 = Debug|Any CPU
		{98B54D2C-98CB-4BCC-9C21-EC06DA6931E4}.Release|Any CPU.ActiveCfg = Release|Any CPU
		{98B54D2C-98CB-4BCC-9C21-EC06DA6931E4}.Release|Any CPU.Build.0 = Release|Any CPU
		{98B54D2C-98CB-4BCC-9C21-EC06DA6931E4}.Release|x64.ActiveCfg = Release|Any CPU
		{98B54D2C-98CB-4BCC-9C21-EC06DA6931E4}.Release|x64.Build.0 = Release|Any CPU
		{98B54D2C-98CB-4BCC-9C21-EC06DA6931E4}.Release|x86.ActiveCfg = Release|Any CPU
		{98B54D2C-98CB-4BCC-9C21-EC06DA6931E4}.Release|x86.Build.0 = Release|Any CPU
		{1608027D-E67E-90E3-4837-E5CDCA7AB16B}.anyplatdebug|Any CPU.ActiveCfg = anyplatdebug|Any CPU
		{1608027D-E67E-90E3-4837-E5CDCA7AB16B}.anyplatdebug|Any CPU.Build.0 = anyplatdebug|Any CPU
		{1608027D-E67E-90E3-4837-E5CDCA7AB16B}.anyplatdebug|x64.ActiveCfg = anyplatdebug|Any CPU
		{1608027D-E67E-90E3-4837-E5CDCA7AB16B}.anyplatdebug|x64.Build.0 = anyplatdebug|Any CPU
		{1608027D-E67E-90E3-4837-E5CDCA7AB16B}.anyplatdebug|x86.ActiveCfg = anyplatdebug|Any CPU
		{1608027D-E67E-90E3-4837-E5CDCA7AB16B}.anyplatdebug|x86.Build.0 = anyplatdebug|Any CPU
		{1608027D-E67E-90E3-4837-E5CDCA7AB16B}.Debug|Any CPU.ActiveCfg = Debug|Any CPU
		{1608027D-E67E-90E3-4837-E5CDCA7AB16B}.Debug|Any CPU.Build.0 = Debug|Any CPU
		{1608027D-E67E-90E3-4837-E5CDCA7AB16B}.Debug|x64.ActiveCfg = Debug|Any CPU
		{1608027D-E67E-90E3-4837-E5CDCA7AB16B}.Debug|x64.Build.0 = Debug|Any CPU
		{1608027D-E67E-90E3-4837-E5CDCA7AB16B}.Debug|x86.ActiveCfg = Debug|Any CPU
		{1608027D-E67E-90E3-4837-E5CDCA7AB16B}.Debug|x86.Build.0 = Debug|Any CPU
		{1608027D-E67E-90E3-4837-E5CDCA7AB16B}.Release|Any CPU.ActiveCfg = Release|Any CPU
		{1608027D-E67E-90E3-4837-E5CDCA7AB16B}.Release|Any CPU.Build.0 = Release|Any CPU
		{1608027D-E67E-90E3-4837-E5CDCA7AB16B}.Release|x64.ActiveCfg = Release|Any CPU
		{1608027D-E67E-90E3-4837-E5CDCA7AB16B}.Release|x64.Build.0 = Release|Any CPU
		{1608027D-E67E-90E3-4837-E5CDCA7AB16B}.Release|x86.ActiveCfg = Release|Any CPU
		{1608027D-E67E-90E3-4837-E5CDCA7AB16B}.Release|x86.Build.0 = Release|Any CPU
		{C5B522B5-2D0B-ADAA-54A5-07FC861FB161}.anyplatdebug|Any CPU.ActiveCfg = anyplatdebug|Any CPU
		{C5B522B5-2D0B-ADAA-54A5-07FC861FB161}.anyplatdebug|Any CPU.Build.0 = anyplatdebug|Any CPU
		{C5B522B5-2D0B-ADAA-54A5-07FC861FB161}.anyplatdebug|x64.ActiveCfg = anyplatdebug|Any CPU
		{C5B522B5-2D0B-ADAA-54A5-07FC861FB161}.anyplatdebug|x64.Build.0 = anyplatdebug|Any CPU
		{C5B522B5-2D0B-ADAA-54A5-07FC861FB161}.anyplatdebug|x86.ActiveCfg = anyplatdebug|Any CPU
		{C5B522B5-2D0B-ADAA-54A5-07FC861FB161}.anyplatdebug|x86.Build.0 = anyplatdebug|Any CPU
		{C5B522B5-2D0B-ADAA-54A5-07FC861FB161}.Debug|Any CPU.ActiveCfg = Debug|Any CPU
		{C5B522B5-2D0B-ADAA-54A5-07FC861FB161}.Debug|Any CPU.Build.0 = Debug|Any CPU
		{C5B522B5-2D0B-ADAA-54A5-07FC861FB161}.Debug|x64.ActiveCfg = Debug|Any CPU
		{C5B522B5-2D0B-ADAA-54A5-07FC861FB161}.Debug|x64.Build.0 = Debug|Any CPU
		{C5B522B5-2D0B-ADAA-54A5-07FC861FB161}.Debug|x86.ActiveCfg = Debug|Any CPU
		{C5B522B5-2D0B-ADAA-54A5-07FC861FB161}.Debug|x86.Build.0 = Debug|Any CPU
		{C5B522B5-2D0B-ADAA-54A5-07FC861FB161}.Release|Any CPU.ActiveCfg = Release|Any CPU
		{C5B522B5-2D0B-ADAA-54A5-07FC861FB161}.Release|Any CPU.Build.0 = Release|Any CPU
		{C5B522B5-2D0B-ADAA-54A5-07FC861FB161}.Release|x64.ActiveCfg = Release|Any CPU
		{C5B522B5-2D0B-ADAA-54A5-07FC861FB161}.Release|x64.Build.0 = Release|Any CPU
		{C5B522B5-2D0B-ADAA-54A5-07FC861FB161}.Release|x86.ActiveCfg = Release|Any CPU
		{C5B522B5-2D0B-ADAA-54A5-07FC861FB161}.Release|x86.Build.0 = Release|Any CPU
		{0AE44E0C-0D03-42EC-BF1D-6773B9EB5331}.anyplatdebug|Any CPU.ActiveCfg = anyplatdebug|Any CPU
		{0AE44E0C-0D03-42EC-BF1D-6773B9EB5331}.anyplatdebug|Any CPU.Build.0 = anyplatdebug|Any CPU
		{0AE44E0C-0D03-42EC-BF1D-6773B9EB5331}.anyplatdebug|Any CPU.Deploy.0 = anyplatdebug|Any CPU
		{0AE44E0C-0D03-42EC-BF1D-6773B9EB5331}.anyplatdebug|x64.ActiveCfg = anyplatdebug|x64
		{0AE44E0C-0D03-42EC-BF1D-6773B9EB5331}.anyplatdebug|x64.Build.0 = anyplatdebug|x64
		{0AE44E0C-0D03-42EC-BF1D-6773B9EB5331}.anyplatdebug|x64.Deploy.0 = anyplatdebug|x64
		{0AE44E0C-0D03-42EC-BF1D-6773B9EB5331}.anyplatdebug|x86.ActiveCfg = anyplatdebug|x86
		{0AE44E0C-0D03-42EC-BF1D-6773B9EB5331}.anyplatdebug|x86.Build.0 = anyplatdebug|x86
		{0AE44E0C-0D03-42EC-BF1D-6773B9EB5331}.anyplatdebug|x86.Deploy.0 = anyplatdebug|x86
		{0AE44E0C-0D03-42EC-BF1D-6773B9EB5331}.Debug|Any CPU.ActiveCfg = Debug|x86
		{0AE44E0C-0D03-42EC-BF1D-6773B9EB5331}.Debug|Any CPU.Build.0 = Debug|x86
		{0AE44E0C-0D03-42EC-BF1D-6773B9EB5331}.Debug|Any CPU.Deploy.0 = Debug|x86
		{0AE44E0C-0D03-42EC-BF1D-6773B9EB5331}.Debug|x64.ActiveCfg = Debug|x64
		{0AE44E0C-0D03-42EC-BF1D-6773B9EB5331}.Debug|x64.Build.0 = Debug|x64
		{0AE44E0C-0D03-42EC-BF1D-6773B9EB5331}.Debug|x64.Deploy.0 = Debug|x64
		{0AE44E0C-0D03-42EC-BF1D-6773B9EB5331}.Debug|x86.ActiveCfg = Debug|x86
		{0AE44E0C-0D03-42EC-BF1D-6773B9EB5331}.Debug|x86.Build.0 = Debug|x86
		{0AE44E0C-0D03-42EC-BF1D-6773B9EB5331}.Debug|x86.Deploy.0 = Debug|x86
		{0AE44E0C-0D03-42EC-BF1D-6773B9EB5331}.Release|Any CPU.ActiveCfg = Release|x64
		{0AE44E0C-0D03-42EC-BF1D-6773B9EB5331}.Release|Any CPU.Build.0 = Release|x64
		{0AE44E0C-0D03-42EC-BF1D-6773B9EB5331}.Release|Any CPU.Deploy.0 = Release|x64
		{0AE44E0C-0D03-42EC-BF1D-6773B9EB5331}.Release|x64.ActiveCfg = Release|x64
		{0AE44E0C-0D03-42EC-BF1D-6773B9EB5331}.Release|x64.Build.0 = Release|x64
		{0AE44E0C-0D03-42EC-BF1D-6773B9EB5331}.Release|x64.Deploy.0 = Release|x64
		{0AE44E0C-0D03-42EC-BF1D-6773B9EB5331}.Release|x86.ActiveCfg = Release|x86
		{0AE44E0C-0D03-42EC-BF1D-6773B9EB5331}.Release|x86.Build.0 = Release|x86
		{0AE44E0C-0D03-42EC-BF1D-6773B9EB5331}.Release|x86.Deploy.0 = Release|x86
		{84E1118E-B736-70E1-69D6-E4D4FF7FC896}.anyplatdebug|Any CPU.ActiveCfg = anyplatdebug|Any CPU
		{84E1118E-B736-70E1-69D6-E4D4FF7FC896}.anyplatdebug|Any CPU.Build.0 = anyplatdebug|Any CPU
		{84E1118E-B736-70E1-69D6-E4D4FF7FC896}.anyplatdebug|x64.ActiveCfg = anyplatdebug|Any CPU
		{84E1118E-B736-70E1-69D6-E4D4FF7FC896}.anyplatdebug|x64.Build.0 = anyplatdebug|Any CPU
		{84E1118E-B736-70E1-69D6-E4D4FF7FC896}.anyplatdebug|x86.ActiveCfg = anyplatdebug|Any CPU
		{84E1118E-B736-70E1-69D6-E4D4FF7FC896}.anyplatdebug|x86.Build.0 = anyplatdebug|Any CPU
		{84E1118E-B736-70E1-69D6-E4D4FF7FC896}.Debug|Any CPU.ActiveCfg = Debug|Any CPU
		{84E1118E-B736-70E1-69D6-E4D4FF7FC896}.Debug|Any CPU.Build.0 = Debug|Any CPU
		{84E1118E-B736-70E1-69D6-E4D4FF7FC896}.Debug|x64.ActiveCfg = Debug|Any CPU
		{84E1118E-B736-70E1-69D6-E4D4FF7FC896}.Debug|x64.Build.0 = Debug|Any CPU
		{84E1118E-B736-70E1-69D6-E4D4FF7FC896}.Debug|x86.ActiveCfg = Debug|Any CPU
		{84E1118E-B736-70E1-69D6-E4D4FF7FC896}.Debug|x86.Build.0 = Debug|Any CPU
		{84E1118E-B736-70E1-69D6-E4D4FF7FC896}.Release|Any CPU.ActiveCfg = Release|Any CPU
		{84E1118E-B736-70E1-69D6-E4D4FF7FC896}.Release|Any CPU.Build.0 = Release|Any CPU
		{84E1118E-B736-70E1-69D6-E4D4FF7FC896}.Release|x64.ActiveCfg = Release|Any CPU
		{84E1118E-B736-70E1-69D6-E4D4FF7FC896}.Release|x64.Build.0 = Release|Any CPU
		{84E1118E-B736-70E1-69D6-E4D4FF7FC896}.Release|x86.ActiveCfg = Release|Any CPU
		{84E1118E-B736-70E1-69D6-E4D4FF7FC896}.Release|x86.Build.0 = Release|Any CPU
		{3DCC460F-0C30-29A4-5F8F-B28A98008E69}.anyplatdebug|Any CPU.ActiveCfg = anyplatdebug|Any CPU
		{3DCC460F-0C30-29A4-5F8F-B28A98008E69}.anyplatdebug|Any CPU.Build.0 = anyplatdebug|Any CPU
		{3DCC460F-0C30-29A4-5F8F-B28A98008E69}.anyplatdebug|x64.ActiveCfg = anyplatdebug|Any CPU
		{3DCC460F-0C30-29A4-5F8F-B28A98008E69}.anyplatdebug|x64.Build.0 = anyplatdebug|Any CPU
		{3DCC460F-0C30-29A4-5F8F-B28A98008E69}.anyplatdebug|x86.ActiveCfg = anyplatdebug|Any CPU
		{3DCC460F-0C30-29A4-5F8F-B28A98008E69}.anyplatdebug|x86.Build.0 = anyplatdebug|Any CPU
		{3DCC460F-0C30-29A4-5F8F-B28A98008E69}.Debug|Any CPU.ActiveCfg = Debug|Any CPU
		{3DCC460F-0C30-29A4-5F8F-B28A98008E69}.Debug|Any CPU.Build.0 = Debug|Any CPU
		{3DCC460F-0C30-29A4-5F8F-B28A98008E69}.Debug|x64.ActiveCfg = Debug|Any CPU
		{3DCC460F-0C30-29A4-5F8F-B28A98008E69}.Debug|x64.Build.0 = Debug|Any CPU
		{3DCC460F-0C30-29A4-5F8F-B28A98008E69}.Debug|x86.ActiveCfg = Debug|Any CPU
		{3DCC460F-0C30-29A4-5F8F-B28A98008E69}.Debug|x86.Build.0 = Debug|Any CPU
		{3DCC460F-0C30-29A4-5F8F-B28A98008E69}.Release|Any CPU.ActiveCfg = Release|Any CPU
		{3DCC460F-0C30-29A4-5F8F-B28A98008E69}.Release|Any CPU.Build.0 = Release|Any CPU
		{3DCC460F-0C30-29A4-5F8F-B28A98008E69}.Release|x64.ActiveCfg = Release|Any CPU
		{3DCC460F-0C30-29A4-5F8F-B28A98008E69}.Release|x64.Build.0 = Release|Any CPU
		{3DCC460F-0C30-29A4-5F8F-B28A98008E69}.Release|x86.ActiveCfg = Release|Any CPU
		{3DCC460F-0C30-29A4-5F8F-B28A98008E69}.Release|x86.Build.0 = Release|Any CPU
		{FE3FAA4D-4611-4B65-81C4-FAFEF9FFD4B5}.anyplatdebug|Any CPU.ActiveCfg = anyplatdebug|Any CPU
		{FE3FAA4D-4611-4B65-81C4-FAFEF9FFD4B5}.anyplatdebug|Any CPU.Build.0 = anyplatdebug|Any CPU
		{FE3FAA4D-4611-4B65-81C4-FAFEF9FFD4B5}.anyplatdebug|x64.ActiveCfg = anyplatdebug|Any CPU
		{FE3FAA4D-4611-4B65-81C4-FAFEF9FFD4B5}.anyplatdebug|x64.Build.0 = anyplatdebug|Any CPU
		{FE3FAA4D-4611-4B65-81C4-FAFEF9FFD4B5}.anyplatdebug|x86.ActiveCfg = anyplatdebug|Any CPU
		{FE3FAA4D-4611-4B65-81C4-FAFEF9FFD4B5}.anyplatdebug|x86.Build.0 = anyplatdebug|Any CPU
		{FE3FAA4D-4611-4B65-81C4-FAFEF9FFD4B5}.Debug|Any CPU.ActiveCfg = Debug|Any CPU
		{FE3FAA4D-4611-4B65-81C4-FAFEF9FFD4B5}.Debug|Any CPU.Build.0 = Debug|Any CPU
		{FE3FAA4D-4611-4B65-81C4-FAFEF9FFD4B5}.Debug|x64.ActiveCfg = Debug|Any CPU
		{FE3FAA4D-4611-4B65-81C4-FAFEF9FFD4B5}.Debug|x64.Build.0 = Debug|Any CPU
		{FE3FAA4D-4611-4B65-81C4-FAFEF9FFD4B5}.Debug|x86.ActiveCfg = Debug|Any CPU
		{FE3FAA4D-4611-4B65-81C4-FAFEF9FFD4B5}.Debug|x86.Build.0 = Debug|Any CPU
		{FE3FAA4D-4611-4B65-81C4-FAFEF9FFD4B5}.Release|Any CPU.ActiveCfg = Release|Any CPU
		{FE3FAA4D-4611-4B65-81C4-FAFEF9FFD4B5}.Release|Any CPU.Build.0 = Release|Any CPU
		{FE3FAA4D-4611-4B65-81C4-FAFEF9FFD4B5}.Release|x64.ActiveCfg = Release|Any CPU
		{FE3FAA4D-4611-4B65-81C4-FAFEF9FFD4B5}.Release|x64.Build.0 = Release|Any CPU
		{FE3FAA4D-4611-4B65-81C4-FAFEF9FFD4B5}.Release|x86.ActiveCfg = Release|Any CPU
		{FE3FAA4D-4611-4B65-81C4-FAFEF9FFD4B5}.Release|x86.Build.0 = Release|Any CPU
		{DBF773CD-C1B3-E043-8768-DDCECA8CC83D}.anyplatdebug|Any CPU.ActiveCfg = anyplatdebug|Any CPU
		{DBF773CD-C1B3-E043-8768-DDCECA8CC83D}.anyplatdebug|Any CPU.Build.0 = anyplatdebug|Any CPU
		{DBF773CD-C1B3-E043-8768-DDCECA8CC83D}.anyplatdebug|x64.ActiveCfg = anyplatdebug|Any CPU
		{DBF773CD-C1B3-E043-8768-DDCECA8CC83D}.anyplatdebug|x64.Build.0 = anyplatdebug|Any CPU
		{DBF773CD-C1B3-E043-8768-DDCECA8CC83D}.anyplatdebug|x86.ActiveCfg = anyplatdebug|Any CPU
		{DBF773CD-C1B3-E043-8768-DDCECA8CC83D}.anyplatdebug|x86.Build.0 = anyplatdebug|Any CPU
		{DBF773CD-C1B3-E043-8768-DDCECA8CC83D}.Debug|Any CPU.ActiveCfg = Debug|Any CPU
		{DBF773CD-C1B3-E043-8768-DDCECA8CC83D}.Debug|Any CPU.Build.0 = Debug|Any CPU
		{DBF773CD-C1B3-E043-8768-DDCECA8CC83D}.Debug|x64.ActiveCfg = Debug|Any CPU
		{DBF773CD-C1B3-E043-8768-DDCECA8CC83D}.Debug|x64.Build.0 = Debug|Any CPU
		{DBF773CD-C1B3-E043-8768-DDCECA8CC83D}.Debug|x86.ActiveCfg = Debug|Any CPU
		{DBF773CD-C1B3-E043-8768-DDCECA8CC83D}.Debug|x86.Build.0 = Debug|Any CPU
		{DBF773CD-C1B3-E043-8768-DDCECA8CC83D}.Release|Any CPU.ActiveCfg = Release|Any CPU
		{DBF773CD-C1B3-E043-8768-DDCECA8CC83D}.Release|Any CPU.Build.0 = Release|Any CPU
		{DBF773CD-C1B3-E043-8768-DDCECA8CC83D}.Release|x64.ActiveCfg = Release|Any CPU
		{DBF773CD-C1B3-E043-8768-DDCECA8CC83D}.Release|x64.Build.0 = Release|Any CPU
		{DBF773CD-C1B3-E043-8768-DDCECA8CC83D}.Release|x86.ActiveCfg = Release|Any CPU
		{DBF773CD-C1B3-E043-8768-DDCECA8CC83D}.Release|x86.Build.0 = Release|Any CPU
		{61CCB1B4-5F6D-D0CC-7953-82DDA1F00DE8}.anyplatdebug|Any CPU.ActiveCfg = anyplatdebug|Any CPU
		{61CCB1B4-5F6D-D0CC-7953-82DDA1F00DE8}.anyplatdebug|Any CPU.Build.0 = anyplatdebug|Any CPU
		{61CCB1B4-5F6D-D0CC-7953-82DDA1F00DE8}.anyplatdebug|x64.ActiveCfg = anyplatdebug|Any CPU
		{61CCB1B4-5F6D-D0CC-7953-82DDA1F00DE8}.anyplatdebug|x64.Build.0 = anyplatdebug|Any CPU
		{61CCB1B4-5F6D-D0CC-7953-82DDA1F00DE8}.anyplatdebug|x86.ActiveCfg = anyplatdebug|Any CPU
		{61CCB1B4-5F6D-D0CC-7953-82DDA1F00DE8}.anyplatdebug|x86.Build.0 = anyplatdebug|Any CPU
		{61CCB1B4-5F6D-D0CC-7953-82DDA1F00DE8}.Debug|Any CPU.ActiveCfg = Debug|Any CPU
		{61CCB1B4-5F6D-D0CC-7953-82DDA1F00DE8}.Debug|Any CPU.Build.0 = Debug|Any CPU
		{61CCB1B4-5F6D-D0CC-7953-82DDA1F00DE8}.Debug|x64.ActiveCfg = Debug|Any CPU
		{61CCB1B4-5F6D-D0CC-7953-82DDA1F00DE8}.Debug|x64.Build.0 = Debug|Any CPU
		{61CCB1B4-5F6D-D0CC-7953-82DDA1F00DE8}.Debug|x86.ActiveCfg = Debug|Any CPU
		{61CCB1B4-5F6D-D0CC-7953-82DDA1F00DE8}.Debug|x86.Build.0 = Debug|Any CPU
		{61CCB1B4-5F6D-D0CC-7953-82DDA1F00DE8}.Release|Any CPU.ActiveCfg = Release|Any CPU
		{61CCB1B4-5F6D-D0CC-7953-82DDA1F00DE8}.Release|Any CPU.Build.0 = Release|Any CPU
		{61CCB1B4-5F6D-D0CC-7953-82DDA1F00DE8}.Release|x64.ActiveCfg = Release|Any CPU
		{61CCB1B4-5F6D-D0CC-7953-82DDA1F00DE8}.Release|x64.Build.0 = Release|Any CPU
		{61CCB1B4-5F6D-D0CC-7953-82DDA1F00DE8}.Release|x86.ActiveCfg = Release|Any CPU
		{61CCB1B4-5F6D-D0CC-7953-82DDA1F00DE8}.Release|x86.Build.0 = Release|Any CPU
	EndGlobalSection
	GlobalSection(SolutionProperties) = preSolution
		HideSolutionNode = FALSE
	EndGlobalSection
	GlobalSection(ExtensibilityGlobals) = postSolution
		SolutionGuid = {E2EAAA8F-5B42-41AF-8802-3BBA8115038A}
	EndGlobalSection
EndGlobal
